
Microsoft Visual Studio Solution File, Format Version 11.00
# Visual Studio 2010
Project("{FAE04EC0-301F-11D3-BF4B-00C04F79EFBC}") = "Arched Doors", "Assembly-CSharp.csproj", "{BA613DDC-0783-3F84-42F4-8E951B61EC50}"
EndProject
Global
	GlobalSection(SolutionConfigurationPlatforms) = preSolution
		Debug|Any CPU = Debug|Any CPU
		Release|Any CPU = Release|Any CPU
	EndGlobalSection
	GlobalSection(ProjectConfigurationPlatforms) = postSolution
		{BA613DDC-0783-3F84-42F4-8E951B61EC50}.Debug|Any CPU.ActiveCfg = Debug|Any CPU
		{BA613DDC-0783-3F84-42F4-8E951B61EC50}.Debug|Any CPU.Build.0 = Debug|Any CPU
		{BA613DDC-0783-3F84-42F4-8E951B61EC50}.Release|Any CPU.ActiveCfg = Release|Any CPU
		{BA613DDC-0783-3F84-42F4-8E951B61EC50}.Release|Any CPU.Build.0 = Release|Any CPU
	EndGlobalSection
	GlobalSection(SolutionProperties) = preSolution
		HideSolutionNode = FALSE
	EndGlobalSection
	GlobalSection(MonoDevelopProperties) = preSolution
		StartupItem = Assembly-CSharp.csproj
	EndGlobalSection
EndGlobal
